# generated by rye
# use `rye lock` or `rye sync` to update this lockfile
#
# last locked with the following flags:
#   pre: false
#   features: []
#   all-features: false
#   with-sources: false
#   generate-hashes: false

-e file:.
asttokens==2.4.1
    # via stack-data
decorator==5.1.1
    # via ipython
executing==2.0.1
    # via stack-data
galois==0.4.1
    # via linicrypt-solver
ipython==8.23.0
jedi==0.19.1
    # via ipython
llvmlite==0.43.0
    # via numba
loguru==0.7.2
    # via linicrypt-solver
matplotlib-inline==0.1.6
    # via ipython
more-itertools==10.4.0
    # via linicrypt-solver
mpmath==1.3.0
    # via sympy
numba==0.60.0
    # via galois
numpy==2.0.1
    # via galois
    # via numba
parso==0.8.4
    # via jedi
pexpect==4.9.0
    # via ipython
prompt-toolkit==3.0.43
    # via ipython
ptyprocess==0.7.0
    # via pexpect
pure-eval==0.2.2
    # via stack-data
pygments==2.17.2
    # via ipython
six==1.16.0
    # via asttokens
stack-data==0.6.3
    # via ipython
sympy==1.10
    # via linicrypt-solver
tqdm==4.66.5
    # via linicrypt-solver
traitlets==5.14.2
    # via ipython
    # via matplotlib-inline
typing-extensions==4.12.2
    # via galois
wcwidth==0.2.13
    # via prompt-toolkit
