# generated by rye
# use `rye lock` or `rye sync` to update this lockfile
#
# last locked with the following flags:
#   pre: false
#   features: []
#   all-features: false
#   with-sources: false
#   generate-hashes: false

-e file:.
galois==0.4.1
    # via linicrypt-solver
llvmlite==0.43.0
    # via numba
loguru==0.7.2
    # via linicrypt-solver
more-itertools==10.4.0
    # via linicrypt-solver
mpmath==1.3.0
    # via sympy
numba==0.60.0
    # via galois
numpy==2.0.1
    # via galois
    # via numba
sympy==1.10
    # via linicrypt-solver
typing-extensions==4.12.2
    # via galois
